// !$*UTF8*$!
{
	archiveVersion = 1;
	classes = {
	};
	objectVersion = 46;
	objects = {

/* Begin PBXBuildFile section */
		AC04454F1CA6BABE008064F0 /* AppDelegate.swift in Sources */ = {isa = PBXBuildFile; fileRef = AC04454E1CA6BABE008064F0 /* AppDelegate.swift */; };
		AC0445511CA6BABE008064F0 /* ViewController.swift in Sources */ = {isa = PBXBuildFile; fileRef = AC0445501CA6BABE008064F0 /* ViewController.swift */; };
		AC0445541CA6BABE008064F0 /* Main.storyboard in Resources */ = {isa = PBXBuildFile; fileRef = AC0445521CA6BABE008064F0 /* Main.storyboard */; };
		AC0445561CA6BABE008064F0 /* Assets.xcassets in Resources */ = {isa = PBXBuildFile; fileRef = AC0445551CA6BABE008064F0 /* Assets.xcassets */; };
		AC0445591CA6BABE008064F0 /* LaunchScreen.storyboard in Resources */ = {isa = PBXBuildFile; fileRef = AC0445571CA6BABE008064F0 /* LaunchScreen.storyboard */; };
		AC0445641CA6BABE008064F0 /* RestClientTests.swift in Sources */ = {isa = PBXBuildFile; fileRef = AC0445631CA6BABE008064F0 /* RestClientTests.swift */; };
		AC04456F1CA6BABE008064F0 /* RestClientUITests.swift in Sources */ = {isa = PBXBuildFile; fileRef = AC04456E1CA6BABE008064F0 /* RestClientUITests.swift */; };
/* End PBXBuildFile section */

/* Begin PBXContainerItemProxy section */
		AC0445601CA6BABE008064F0 /* PBXContainerItemProxy */ = {
			isa = PBXContainerItemProxy;
			containerPortal = AC0445431CA6BABE008064F0 /* Project object */;
			proxyType = 1;
			remoteGlobalIDString = AC04454A1CA6BABE008064F0;
			remoteInfo = RestClient;
		};
		AC04456B1CA6BABE008064F0 /* PBXContainerItemProxy */ = {
			isa = PBXContainerItemProxy;
			containerPortal = AC0445431CA6BABE008064F0 /* Project object */;
			proxyType = 1;
			remoteGlobalIDString = AC04454A1CA6BABE008064F0;
			remoteInfo = RestClient;
		};
/* End PBXContainerItemProxy section */

/* Begin PBXFileReference section */
		AC04454B1CA6BABE008064F0 /* RestClient.app */ = {isa = PBXFileReference; explicitFileType = wrapper.application; includeInIndex = 0; path = RestClient.app; sourceTree = BUILT_PRODUCTS_DIR; };
		AC04454E1CA6BABE008064F0 /* AppDelegate.swift */ = {isa = PBXFileReference; lastKnownFileType = sourcecode.swift; path = AppDelegate.swift; sourceTree = "<group>"; };
		AC0445501CA6BABE008064F0 /* ViewController.swift */ = {isa = PBXFileReference; lastKnownFileType = sourcecode.swift; path = ViewController.swift; sourceTree = "<group>"; };
		AC0445531CA6BABE008064F0 /* Base */ = {isa = PBXFileReference; lastKnownFileType = file.storyboard; name = Base; path = Base.lproj/Main.storyboard; sourceTree = "<group>"; };
		AC0445551CA6BABE008064F0 /* Assets.xcassets */ = {isa = PBXFileReference; lastKnownFileType = folder.assetcatalog; path = Assets.xcassets; sourceTree = "<group>"; };
		AC0445581CA6BABE008064F0 /* Base */ = {isa = PBXFileReference; lastKnownFileType = file.storyboard; name = Base; path = Base.lproj/LaunchScreen.storyboard; sourceTree = "<group>"; };
		AC04455A1CA6BABE008064F0 /* Info.plist */ = {isa = PBXFileReference; lastKnownFileType = text.plist.xml; path = Info.plist; sourceTree = "<group>"; };
		AC04455F1CA6BABE008064F0 /* RestClientTests.xctest */ = {isa = PBXFileReference; explicitFileType = wrapper.cfbundle; includeInIndex = 0; path = RestClientTests.xctest; sourceTree = BUILT_PRODUCTS_DIR; };
		AC0445631CA6BABE008064F0 /* RestClientTests.swift */ = {isa = PBXFileReference; lastKnownFileType = sourcecode.swift; path = RestClientTests.swift; sourceTree = "<group>"; };
		AC0445651CA6BABE008064F0 /* Info.plist */ = {isa = PBXFileReference; lastKnownFileType = text.plist.xml; path = Info.plist; sourceTree = "<group>"; };
		AC04456A1CA6BABE008064F0 /* RestClientUITests.xctest */ = {isa = PBXFileReference; explicitFileType = wrapper.cfbundle; includeInIndex = 0; path = RestClientUITests.xctest; sourceTree = BUILT_PRODUCTS_DIR; };
		AC04456E1CA6BABE008064F0 /* RestClientUITests.swift */ = {isa = PBXFileReference; lastKnownFileType = sourcecode.swift; path = RestClientUITests.swift; sourceTree = "<group>"; };
		AC0445701CA6BABE008064F0 /* Info.plist */ = {isa = PBXFileReference; lastKnownFileType = text.plist.xml; path = Info.plist; sourceTree = "<group>"; };
/* End PBXFileReference section */

/* Begin PBXFrameworksBuildPhase section */
		AC0445481CA6BABE008064F0 /* Frameworks */ = {
			isa = PBXFrameworksBuildPhase;
			buildActionMask = 2147483647;
			files = (
			);
			runOnlyForDeploymentPostprocessing = 0;
		};
		AC04455C1CA6BABE008064F0 /* Frameworks */ = {
			isa = PBXFrameworksBuildPhase;
			buildActionMask = 2147483647;
			files = (
			);
			runOnlyForDeploymentPostprocessing = 0;
		};
		AC0445671CA6BABE008064F0 /* Frameworks */ = {
			isa = PBXFrameworksBuildPhase;
			buildActionMask = 2147483647;
			files = (
			);
			runOnlyForDeploymentPostprocessing = 0;
		};
/* End PBXFrameworksBuildPhase section */

/* Begin PBXGroup section */
		AC0445421CA6BABE008064F0 = {
			isa = PBXGroup;
			children = (
				AC04454D1CA6BABE008064F0 /* RestClient */,
				AC0445621CA6BABE008064F0 /* RestClientTests */,
				AC04456D1CA6BABE008064F0 /* RestClientUITests */,
				AC04454C1CA6BABE008064F0 /* Products */,
			);
			sourceTree = "<group>";
		};
		AC04454C1CA6BABE008064F0 /* Products */ = {
			isa = PBXGroup;
			children = (
				AC04454B1CA6BABE008064F0 /* RestClient.app */,
				AC04455F1CA6BABE008064F0 /* RestClientTests.xctest */,
				AC04456A1CA6BABE008064F0 /* RestClientUITests.xctest */,
			);
			name = Products;
			sourceTree = "<group>";
		};
		AC04454D1CA6BABE008064F0 /* RestClient */ = {
			isa = PBXGroup;
			children = (
				AC04454E1CA6BABE008064F0 /* AppDelegate.swift */,
				AC0445501CA6BABE008064F0 /* ViewController.swift */,
				AC0445521CA6BABE008064F0 /* Main.storyboard */,
				AC0445551CA6BABE008064F0 /* Assets.xcassets */,
				AC0445571CA6BABE008064F0 /* LaunchScreen.storyboard */,
				AC04455A1CA6BABE008064F0 /* Info.plist */,
			);
			path = RestClient;
			sourceTree = "<group>";
		};
		AC0445621CA6BABE008064F0 /* RestClientTests */ = {
			isa = PBXGroup;
			children = (
				AC0445631CA6BABE008064F0 /* RestClientTests.swift */,
				AC0445651CA6BABE008064F0 /* Info.plist */,
			);
			path = RestClientTests;
			sourceTree = "<group>";
		};
		AC04456D1CA6BABE008064F0 /* RestClientUITests */ = {
			isa = PBXGroup;
			children = (
				AC04456E1CA6BABE008064F0 /* RestClientUITests.swift */,
				AC0445701CA6BABE008064F0 /* Info.plist */,
			);
			path = RestClientUITests;
			sourceTree = "<group>";
		};
/* End PBXGroup section */

/* Begin PBXNativeTarget section */
		AC04454A1CA6BABE008064F0 /* RestClient */ = {
			isa = PBXNativeTarget;
			buildConfigurationList = AC0445731CA6BABE008064F0 /* Build configuration list for PBXNativeTarget "RestClient" */;
			buildPhases = (
				AC0445471CA6BABE008064F0 /* Sources */,
				AC0445481CA6BABE008064F0 /* Frameworks */,
				AC0445491CA6BABE008064F0 /* Resources */,
			);
			buildRules = (
			);
			dependencies = (
			);
			name = RestClient;
			productName = RestClient;
			productReference = AC04454B1CA6BABE008064F0 /* RestClient.app */;
			productType = "com.apple.product-type.application";
		};
		AC04455E1CA6BABE008064F0 /* RestClientTests */ = {
			isa = PBXNativeTarget;
			buildConfigurationList = AC0445761CA6BABE008064F0 /* Build configuration list for PBXNativeTarget "RestClientTests" */;
			buildPhases = (
				AC04455B1CA6BABE008064F0 /* Sources */,
				AC04455C1CA6BABE008064F0 /* Frameworks */,
				AC04455D1CA6BABE008064F0 /* Resources */,
			);
			buildRules = (
			);
			dependencies = (
				AC0445611CA6BABE008064F0 /* PBXTargetDependency */,
			);
			name = RestClientTests;
			productName = RestClientTests;
			productReference = AC04455F1CA6BABE008064F0 /* RestClientTests.xctest */;
			productType = "com.apple.product-type.bundle.unit-test";
		};
		AC0445691CA6BABE008064F0 /* RestClientUITests */ = {
			isa = PBXNativeTarget;
			buildConfigurationList = AC0445791CA6BABE008064F0 /* Build configuration list for PBXNativeTarget "RestClientUITests" */;
			buildPhases = (
				AC0445661CA6BABE008064F0 /* Sources */,
				AC0445671CA6BABE008064F0 /* Frameworks */,
				AC0445681CA6BABE008064F0 /* Resources */,
			);
			buildRules = (
			);
			dependencies = (
				AC04456C1CA6BABE008064F0 /* PBXTargetDependency */,
			);
			name = RestClientUITests;
			productName = RestClientUITests;
			productReference = AC04456A1CA6BABE008064F0 /* RestClientUITests.xctest */;
			productType = "com.apple.product-type.bundle.ui-testing";
		};
/* End PBXNativeTarget section */

/* Begin PBXProject section */
		AC0445431CA6BABE008064F0 /* Project object */ = {
			isa = PBXProject;
			attributes = {
				LastSwiftUpdateCheck = 0730;
				LastUpgradeCheck = 0730;
				ORGANIZATIONNAME = Mandinga;
				TargetAttributes = {
					AC04454A1CA6BABE008064F0 = {
						CreatedOnToolsVersion = 7.3;
					};
					AC04455E1CA6BABE008064F0 = {
						CreatedOnToolsVersion = 7.3;
						TestTargetID = AC04454A1CA6BABE008064F0;
					};
					AC0445691CA6BABE008064F0 = {
						CreatedOnToolsVersion = 7.3;
						TestTargetID = AC04454A1CA6BABE008064F0;
					};
				};
			};
			buildConfigurationList = AC0445461CA6BABE008064F0 /* Build configuration list for PBXProject "RestClient" */;
			compatibilityVersion = "Xcode 3.2";
			developmentRegion = English;
			hasScannedForEncodings = 0;
			knownRegions = (
				en,
				Base,
			);
			mainGroup = AC0445421CA6BABE008064F0;
			productRefGroup = AC04454C1CA6BABE008064F0 /* Products */;
			projectDirPath = "";
			projectRoot = "";
			targets = (
				AC04454A1CA6BABE008064F0 /* RestClient */,
				AC04455E1CA6BABE008064F0 /* RestClientTests */,
				AC0445691CA6BABE008064F0 /* RestClientUITests */,
			);
		};
/* End PBXProject section */

/* Begin PBXResourcesBuildPhase section */
		AC0445491CA6BABE008064F0 /* Resources */ = {
			isa = PBXResourcesBuildPhase;
			buildActionMask = 2147483647;
			files = (
				AC0445591CA6BABE008064F0 /* LaunchScreen.storyboard in Resources */,
				AC0445561CA6BABE008064F0 /* Assets.xcassets in Resources */,
				AC0445541CA6BABE008064F0 /* Main.storyboard in Resources */,
			);
			runOnlyForDeploymentPostprocessing = 0;
		};
		AC04455D1CA6BABE008064F0 /* Resources */ = {
			isa = PBXResourcesBuildPhase;
			buildActionMask = 2147483647;
			files = (
			);
			runOnlyForDeploymentPostprocessing = 0;
		};
		AC0445681CA6BABE008064F0 /* Resources */ = {
			isa = PBXResourcesBuildPhase;
			buildActionMask = 2147483647;
			files = (
			);
			runOnlyForDeploymentPostprocessing = 0;
		};
/* End PBXResourcesBuildPhase section */

/* Begin PBXSourcesBuildPhase section */
		AC0445471CA6BABE008064F0 /* Sources */ = {
			isa = PBXSourcesBuildPhase;
			buildActionMask = 2147483647;
			files = (
				AC0445511CA6BABE008064F0 /* ViewController.swift in Sources */,
				AC04454F1CA6BABE008064F0 /* AppDelegate.swift in Sources */,
			);
			runOnlyForDeploymentPostprocessing = 0;
		};
		AC04455B1CA6BABE008064F0 /* Sources */ = {
			isa = PBXSourcesBuildPhase;
			buildActionMask = 2147483647;
			files = (
				AC0445641CA6BABE008064F0 /* RestClientTests.swift in Sources */,
			);
			runOnlyForDeploymentPostprocessing = 0;
		};
		AC0445661CA6BABE008064F0 /* Sources */ = {
			isa = PBXSourcesBuildPhase;
			buildActionMask = 2147483647;
			files = (
				AC04456F1CA6BABE008064F0 /* RestClientUITests.swift in Sources */,
			);
			runOnlyForDeploymentPostprocessing = 0;
		};
/* End PBXSourcesBuildPhase section */

/* Begin PBXTargetDependency section */
		AC0445611CA6BABE008064F0 /* PBXTargetDependency */ = {
			isa = PBXTargetDependency;
			target = AC04454A1CA6BABE008064F0 /* RestClient */;
			targetProxy = AC0445601CA6BABE008064F0 /* PBXContainerItemProxy */;
		};
		AC04456C1CA6BABE008064F0 /* PBXTargetDependency */ = {
			isa = PBXTargetDependency;
			target = AC04454A1CA6BABE008064F0 /* RestClient */;
			targetProxy = AC04456B1CA6BABE008064F0 /* PBXContainerItemProxy */;
		};
/* End PBXTargetDependency section */

/* Begin PBXVariantGroup section */
		AC0445521CA6BABE008064F0 /* Main.storyboard */ = {
			isa = PBXVariantGroup;
			children = (
				AC0445531CA6BABE008064F0 /* Base */,
			);
			name = Main.storyboard;
			sourceTree = "<group>";
		};
		AC0445571CA6BABE008064F0 /* LaunchScreen.storyboard */ = {
			isa = PBXVariantGroup;
			children = (
				AC0445581CA6BABE008064F0 /* Base */,
			);
			name = LaunchScreen.storyboard;
			sourceTree = "<group>";
		};
/* End PBXVariantGroup section */

/* Begin XCBuildConfiguration section */
		AC0445711CA6BABE008064F0 /* Debug */ = {
			isa = XCBuildConfiguration;
			buildSettings = {
				ALWAYS_SEARCH_USER_PATHS = NO;
				CLANG_ANALYZER_NONNULL = YES;
				CLANG_CXX_LANGUAGE_STANDARD = "gnu++0x";
				CLANG_CXX_LIBRARY = "libc++";
				CLANG_ENABLE_MODULES = YES;
				CLANG_ENABLE_OBJC_ARC = YES;
				CLANG_WARN_BOOL_CONVERSION = YES;
				CLANG_WARN_CONSTANT_CONVERSION = YES;
				CLANG_WARN_DIRECT_OBJC_ISA_USAGE = YES_ERROR;
				CLANG_WARN_EMPTY_BODY = YES;
				CLANG_WARN_ENUM_CONVERSION = YES;
				CLANG_WARN_INT_CONVERSION = YES;
				CLANG_WARN_OBJC_ROOT_CLASS = YES_ERROR;
				CLANG_WARN_UNREACHABLE_CODE = YES;
				CLANG_WARN__DUPLICATE_METHOD_MATCH = YES;
				"CODE_SIGN_IDENTITY[sdk=iphoneos*]" = "iPhone Developer";
				COPY_PHASE_STRIP = NO;
				DEBUG_INFORMATION_FORMAT = dwarf;
				ENABLE_STRICT_OBJC_MSGSEND = YES;
				ENABLE_TESTABILITY = YES;
				GCC_C_LANGUAGE_STANDARD = gnu99;
				GCC_DYNAMIC_NO_PIC = NO;
				GCC_NO_COMMON_BLOCKS = YES;
				GCC_OPTIMIZATION_LEVEL = 0;
				GCC_PREPROCESSOR_DEFINITIONS = (
					"DEBUG=1",
					"$(inherited)",
				);
				GCC_WARN_64_TO_32_BIT_CONVERSION = YES;
				GCC_WARN_ABOUT_RETURN_TYPE = YES_ERROR;
				GCC_WARN_UNDECLARED_SELECTOR = YES;
				GCC_WARN_UNINITIALIZED_AUTOS = YES_AGGRESSIVE;
				GCC_WARN_UNUSED_FUNCTION = YES;
				GCC_WARN_UNUSED_VARIABLE = YES;
				IPHONEOS_DEPLOYMENT_TARGET = 9.3;
				MTL_ENABLE_DEBUG_INFO = YES;
				ONLY_ACTIVE_ARCH = YES;
				SDKROOT = iphoneos;
				SWIFT_OPTIMIZATION_LEVEL = "-Onone";
				TARGETED_DEVICE_FAMILY = "1,2";
			};
			name = Debug;
		};
		AC0445721CA6BABE008064F0 /* Release */ = {
			isa = XCBuildConfiguration;
			buildSettings = {
				ALWAYS_SEARCH_USER_PATHS = NO;
				CLANG_ANALYZER_NONNULL = YES;
				CLANG_CXX_LANGUAGE_STANDARD = "gnu++0x";
				CLANG_CXX_LIBRARY = "libc++";
				CLANG_ENABLE_MODULES = YES;
				CLANG_ENABLE_OBJC_ARC = YES;
				CLANG_WARN_BOOL_CONVERSION = YES;
				CLANG_WARN_CONSTANT_CONVERSION = YES;
				CLANG_WARN_DIRECT_OBJC_ISA_USAGE = YES_ERROR;
				CLANG_WARN_EMPTY_BODY = YES;
				CLANG_WARN_ENUM_CONVERSION = YES;
				CLANG_WARN_INT_CONVERSION = YES;
				CLANG_WARN_OBJC_ROOT_CLASS = YES_ERROR;
				CLANG_WARN_UNREACHABLE_CODE = YES;
				CLANG_WARN__DUPLICATE_METHOD_MATCH = YES;
				"CODE_SIGN_IDENTITY[sdk=iphoneos*]" = "iPhone Developer";
				COPY_PHASE_STRIP = NO;
				DEBUG_INFORMATION_FORMAT = "dwarf-with-dsym";
				ENABLE_NS_ASSERTIONS = NO;
				ENABLE_STRICT_OBJC_MSGSEND = YES;
				GCC_C_LANGUAGE_STANDARD = gnu99;
				GCC_NO_COMMON_BLOCKS = YES;
				GCC_WARN_64_TO_32_BIT_CONVERSION = YES;
				GCC_WARN_ABOUT_RETURN_TYPE = YES_ERROR;
				GCC_WARN_UNDECLARED_SELECTOR = YES;
				GCC_WARN_UNINITIALIZED_AUTOS = YES_AGGRESSIVE;
				GCC_WARN_UNUSED_FUNCTION = YES;
				GCC_WARN_UNUSED_VARIABLE = YES;
				IPHONEOS_DEPLOYMENT_TARGET = 9.3;
				MTL_ENABLE_DEBUG_INFO = NO;
				SDKROOT = iphoneos;
				TARGETED_DEVICE_FAMILY = "1,2";
				VALIDATE_PRODUCT = YES;
			};
			name = Release;
		};
		AC0445741CA6BABE008064F0 /* Debug */ = {
			isa = XCBuildConfiguration;
			buildSettings = {
				ASSETCATALOG_COMPILER_APPICON_NAME = AppIcon;
				INFOPLIST_FILE = RestClient/Info.plist;
				LD_RUNPATH_SEARCH_PATHS = "$(inherited) @executable_path/Frameworks";
				PRODUCT_BUNDLE_IDENTIFIER = com.csmarton.RestClient;
				PRODUCT_NAME = "$(TARGET_NAME)";
			};
			name = Debug;
		};
		AC0445751CA6BABE008064F0 /* Release */ = {
			isa = XCBuildConfiguration;
			buildSettings = {
				ASSETCATALOG_COMPILER_APPICON_NAME = AppIcon;
				INFOPLIST_FILE = RestClient/Info.plist;
				LD_RUNPATH_SEARCH_PATHS = "$(inherited) @executable_path/Frameworks";
				PRODUCT_BUNDLE_IDENTIFIER = com.csmarton.RestClient;
				PRODUCT_NAME = "$(TARGET_NAME)";
			};
			name = Release;
		};
		AC0445771CA6BABE008064F0 /* Debug */ = {
			isa = XCBuildConfiguration;
			buildSettings = {
				BUNDLE_LOADER = "$(TEST_HOST)";
				INFOPLIST_FILE = RestClientTests/Info.plist;
				LD_RUNPATH_SEARCH_PATHS = "$(inherited) @executable_path/Frameworks @loader_path/Frameworks";
				PRODUCT_BUNDLE_IDENTIFIER = com.csmarton.RestClientTests;
				PRODUCT_NAME = "$(TARGET_NAME)";
				TEST_HOST = "$(BUILT_PRODUCTS_DIR)/RestClient.app/RestClient";
			};
			name = Debug;
		};
		AC0445781CA6BABE008064F0 /* Release */ = {
			isa = XCBuildConfiguration;
			buildSettings = {
				BUNDLE_LOADER = "$(TEST_HOST)";
				INFOPLIST_FILE = RestClientTests/Info.plist;
				LD_RUNPATH_SEARCH_PATHS = "$(inherited) @executable_path/Frameworks @loader_path/Frameworks";
				PRODUCT_BUNDLE_IDENTIFIER = com.csmarton.RestClientTests;
				PRODUCT_NAME = "$(TARGET_NAME)";
				TEST_HOST = "$(BUILT_PRODUCTS_DIR)/RestClient.app/RestClient";
			};
			name = Release;
		};
		AC04457A1CA6BABE008064F0 /* Debug */ = {
			isa = XCBuildConfiguration;
			buildSettings = {
				INFOPLIST_FILE = RestClientUITests/Info.plist;
				LD_RUNPATH_SEARCH_PATHS = "$(inherited) @executable_path/Frameworks @loader_path/Frameworks";
				PRODUCT_BUNDLE_IDENTIFIER = com.csmarton.RestClientUITests;
				PRODUCT_NAME = "$(TARGET_NAME)";
				TEST_TARGET_NAME = RestClient;
			};
			name = Debug;
		};
		AC04457B1CA6BABE008064F0 /* Release */ = {
			isa = XCBuildConfiguration;
			buildSettings = {
				INFOPLIST_FILE = RestClientUITests/Info.plist;
				LD_RUNPATH_SEARCH_PATHS = "$(inherited) @executable_path/Frameworks @loader_path/Frameworks";
				PRODUCT_BUNDLE_IDENTIFIER = com.csmarton.RestClientUITests;
				PRODUCT_NAME = "$(TARGET_NAME)";
				TEST_TARGET_NAME = RestClient;
			};
			name = Release;
		};
/* End XCBuildConfiguration section */

/* Begin XCConfigurationList section */
		AC0445461CA6BABE008064F0 /* Build configuration list for PBXProject "RestClient" */ = {
			isa = XCConfigurationList;
			buildConfigurations = (
				AC0445711CA6BABE008064F0 /* Debug */,
				AC0445721CA6BABE008064F0 /* Release */,
			);
			defaultConfigurationIsVisible = 0;
			defaultConfigurationName = Release;
		};
		AC0445731CA6BABE008064F0 /* Build configuration list for PBXNativeTarget "RestClient" */ = {
			isa = XCConfigurationList;
			buildConfigurations = (
				AC0445741CA6BABE008064F0 /* Debug */,
				AC0445751CA6BABE008064F0 /* Release */,
			);
			defaultConfigurationIsVisible = 0;
		};
		AC0445761CA6BABE008064F0 /* Build configuration list for PBXNativeTarget "RestClientTests" */ = {
			isa = XCConfigurationList;
			buildConfigurations = (
				AC0445771CA6BABE008064F0 /* Debug */,
				AC0445781CA6BABE008064F0 /* Release */,
			);
			defaultConfigurationIsVisible = 0;
		};
		AC0445791CA6BABE008064F0 /* Build configuration list for PBXNativeTarget "RestClientUITests" */ = {
			isa = XCConfigurationList;
			buildConfigurations = (
				AC04457A1CA6BABE008064F0 /* Debug */,
				AC04457B1CA6BABE008064F0 /* Release */,
			);
			defaultConfigurationIsVisible = 0;
		};
/* End XCConfigurationList section */
	};
	rootObject = AC0445431CA6BABE008064F0 /* Project object */;
}
